
Microsoft Visual Studio Solution File, Format Version 12.00
# Visual Studio 15
VisualStudioVersion = 15.0.27130.2020
MinimumVisualStudioVersion = 10.0.40219.1
Project("{FAE04EC0-301F-11D3-BF4B-00C04F79EFBC}") = "PowerRankings-API", "PowerRankings-API\PowerRankings-API.csproj", "{C485E3C0-F8C9-4082-B414-BDB28057FE82}"
EndProject
Global
	GlobalSection(SolutionConfigurationPlatforms) = preSolution
		Debug|Any CPU = Debug|Any CPU
		Release|Any CPU = Release|Any CPU
	EndGlobalSection
	GlobalSection(ProjectConfigurationPlatforms) = postSolution
		{C485E3C0-F8C9-4082-B414-BDB28057FE82}.Debug|Any CPU.ActiveCfg = Debug|Any CPU
		{C485E3C0-F8C9-4082-B414-BDB28057FE82}.Debug|Any CPU.Build.0 = Debug|Any CPU
		{C485E3C0-F8C9-4082-B414-BDB28057FE82}.Release|Any CPU.ActiveCfg = Release|Any CPU
		{C485E3C0-F8C9-4082-B414-BDB28057FE82}.Release|Any CPU.Build.0 = Release|Any CPU
	EndGlobalSection
	GlobalSection(SolutionProperties) = preSolution
		HideSolutionNode = FALSE
	EndGlobalSection
	GlobalSection(ExtensibilityGlobals) = postSolution
		SolutionGuid = {DB24517B-DA79-4548-B3D5-759610230251}
	EndGlobalSection
EndGlobal
